// !$*UTF8*$!
{
	archiveVersion = 1;
	classes = {
	};
	objectVersion = 56;
	objects = {

/* Begin PBXBuildFile section */
		DFC53D532B8E526E00AE945F /* AppDelegate.swift in Sources */ = {isa = PBXBuildFile; fileRef = DFC53D522B8E526E00AE945F /* AppDelegate.swift */; };
		DFC53D552B8E526E00AE945F /* SceneDelegate.swift in Sources */ = {isa = PBXBuildFile; fileRef = DFC53D542B8E526E00AE945F /* SceneDelegate.swift */; };
		DFC53D572B8E526E00AE945F /* ViewController.swift in Sources */ = {isa = PBXBuildFile; fileRef = DFC53D562B8E526E00AE945F /* ViewController.swift */; };
		DFC53D5A2B8E526E00AE945F /* Main.storyboard in Resources */ = {isa = PBXBuildFile; fileRef = DFC53D582B8E526E00AE945F /* Main.storyboard */; };
		DFC53D5C2B8E526F00AE945F /* Assets.xcassets in Resources */ = {isa = PBXBuildFile; fileRef = DFC53D5B2B8E526F00AE945F /* Assets.xcassets */; };
		DFC53D5F2B8E526F00AE945F /* LaunchScreen.storyboard in Resources */ = {isa = PBXBuildFile; fileRef = DFC53D5D2B8E526F00AE945F /* LaunchScreen.storyboard */; };
		DFC53D6A2B8E526F00AE945F /* CounterTests.swift in Sources */ = {isa = PBXBuildFile; fileRef = DFC53D692B8E526F00AE945F /* CounterTests.swift */; };
		DFC53D742B8E526F00AE945F /* CounterUITests.swift in Sources */ = {isa = PBXBuildFile; fileRef = DFC53D732B8E526F00AE945F /* CounterUITests.swift */; };
		DFC53D762B8E526F00AE945F /* CounterUITestsLaunchTests.swift in Sources */ = {isa = PBXBuildFile; fileRef = DFC53D752B8E526F00AE945F /* CounterUITestsLaunchTests.swift */; };
/* End PBXBuildFile section */

/* Begin PBXContainerItemProxy section */
		DFC53D662B8E526F00AE945F /* PBXContainerItemProxy */ = {
			isa = PBXContainerItemProxy;
			containerPortal = DFC53D472B8E526E00AE945F /* Project object */;
			proxyType = 1;
			remoteGlobalIDString = DFC53D4E2B8E526E00AE945F;
			remoteInfo = Counter;
		};
		DFC53D702B8E526F00AE945F /* PBXContainerItemProxy */ = {
			isa = PBXContainerItemProxy;
			containerPortal = DFC53D472B8E526E00AE945F /* Project object */;
			proxyType = 1;
			remoteGlobalIDString = DFC53D4E2B8E526E00AE945F;
			remoteInfo = Counter;
		};
/* End PBXContainerItemProxy section */

/* Begin PBXFileReference section */
		DFC53D4F2B8E526E00AE945F /* Counter.app */ = {isa = PBXFileReference; explicitFileType = wrapper.application; includeInIndex = 0; path = Counter.app; sourceTree = BUILT_PRODUCTS_DIR; };
		DFC53D522B8E526E00AE945F /* AppDelegate.swift */ = {isa = PBXFileReference; lastKnownFileType = sourcecode.swift; path = AppDelegate.swift; sourceTree = "<group>"; };
		DFC53D542B8E526E00AE945F /* SceneDelegate.swift */ = {isa = PBXFileReference; lastKnownFileType = sourcecode.swift; path = SceneDelegate.swift; sourceTree = "<group>"; };
		DFC53D562B8E526E00AE945F /* ViewController.swift */ = {isa = PBXFileReference; lastKnownFileType = sourcecode.swift; path = ViewController.swift; sourceTree = "<group>"; };
		DFC53D592B8E526E00AE945F /* Base */ = {isa = PBXFileReference; lastKnownFileType = file.storyboard; name = Base; path = Base.lproj/Main.storyboard; sourceTree = "<group>"; };
		DFC53D5B2B8E526F00AE945F /* Assets.xcassets */ = {isa = PBXFileReference; lastKnownFileType = folder.assetcatalog; path = Assets.xcassets; sourceTree = "<group>"; };
		DFC53D5E2B8E526F00AE945F /* Base */ = {isa = PBXFileReference; lastKnownFileType = file.storyboard; name = Base; path = Base.lproj/LaunchScreen.storyboard; sourceTree = "<group>"; };
		DFC53D602B8E526F00AE945F /* Info.plist */ = {isa = PBXFileReference; lastKnownFileType = text.plist.xml; path = Info.plist; sourceTree = "<group>"; };
		DFC53D652B8E526F00AE945F /* CounterTests.xctest */ = {isa = PBXFileReference; explicitFileType = wrapper.cfbundle; includeInIndex = 0; path = CounterTests.xctest; sourceTree = BUILT_PRODUCTS_DIR; };
		DFC53D692B8E526F00AE945F /* CounterTests.swift */ = {isa = PBXFileReference; lastKnownFileType = sourcecode.swift; path = CounterTests.swift; sourceTree = "<group>"; };
		DFC53D6F2B8E526F00AE945F /* CounterUITests.xctest */ = {isa = PBXFileReference; explicitFileType = wrapper.cfbundle; includeInIndex = 0; path = CounterUITests.xctest; sourceTree = BUILT_PRODUCTS_DIR; };
		DFC53D732B8E526F00AE945F /* CounterUITests.swift */ = {isa = PBXFileReference; lastKnownFileType = sourcecode.swift; path = CounterUITests.swift; sourceTree = "<group>"; };
		DFC53D752B8E526F00AE945F /* CounterUITestsLaunchTests.swift */ = {isa = PBXFileReference; lastKnownFileType = sourcecode.swift; path = CounterUITestsLaunchTests.swift; sourceTree = "<group>"; };
/* End PBXFileReference section */

/* Begin PBXFrameworksBuildPhase section */
		DFC53D4C2B8E526E00AE945F /* Frameworks */ = {
			isa = PBXFrameworksBuildPhase;
			buildActionMask = 2147483647;
			files = (
			);
			runOnlyForDeploymentPostprocessing = 0;
		};
		DFC53D622B8E526F00AE945F /* Frameworks */ = {
			isa = PBXFrameworksBuildPhase;
			buildActionMask = 2147483647;
			files = (
			);
			runOnlyForDeploymentPostprocessing = 0;
		};
		DFC53D6C2B8E526F00AE945F /* Frameworks */ = {
			isa = PBXFrameworksBuildPhase;
			buildActionMask = 2147483647;
			files = (
			);
			runOnlyForDeploymentPostprocessing = 0;
		};
/* End PBXFrameworksBuildPhase section */

/* Begin PBXGroup section */
		DFC53D462B8E526E00AE945F = {
			isa = PBXGroup;
			children = (
				DFC53D512B8E526E00AE945F /* Counter */,
				DFC53D682B8E526F00AE945F /* CounterTests */,
				DFC53D722B8E526F00AE945F /* CounterUITests */,
				DFC53D502B8E526E00AE945F /* Products */,
			);
			sourceTree = "<group>";
		};
		DFC53D502B8E526E00AE945F /* Products */ = {
			isa = PBXGroup;
			children = (
				DFC53D4F2B8E526E00AE945F /* Counter.app */,
				DFC53D652B8E526F00AE945F /* CounterTests.xctest */,
				DFC53D6F2B8E526F00AE945F /* CounterUITests.xctest */,
			);
			name = Products;
			sourceTree = "<group>";
		};
		DFC53D512B8E526E00AE945F /* Counter */ = {
			isa = PBXGroup;
			children = (
				DFC53D522B8E526E00AE945F /* AppDelegate.swift */,
				DFC53D542B8E526E00AE945F /* SceneDelegate.swift */,
				DFC53D562B8E526E00AE945F /* ViewController.swift */,
				DFC53D582B8E526E00AE945F /* Main.storyboard */,
				DFC53D5B2B8E526F00AE945F /* Assets.xcassets */,
				DFC53D5D2B8E526F00AE945F /* LaunchScreen.storyboard */,
				DFC53D602B8E526F00AE945F /* Info.plist */,
			);
			path = Counter;
			sourceTree = "<group>";
		};
		DFC53D682B8E526F00AE945F /* CounterTests */ = {
			isa = PBXGroup;
			children = (
				DFC53D692B8E526F00AE945F /* CounterTests.swift */,
			);
			path = CounterTests;
			sourceTree = "<group>";
		};
		DFC53D722B8E526F00AE945F /* CounterUITests */ = {
			isa = PBXGroup;
			children = (
				DFC53D732B8E526F00AE945F /* CounterUITests.swift */,
				DFC53D752B8E526F00AE945F /* CounterUITestsLaunchTests.swift */,
			);
			path = CounterUITests;
			sourceTree = "<group>";
		};
/* End PBXGroup section */

/* Begin PBXNativeTarget section */
		DFC53D4E2B8E526E00AE945F /* Counter */ = {
			isa = PBXNativeTarget;
			buildConfigurationList = DFC53D792B8E526F00AE945F /* Build configuration list for PBXNativeTarget "Counter" */;
			buildPhases = (
				DFC53D4B2B8E526E00AE945F /* Sources */,
				DFC53D4C2B8E526E00AE945F /* Frameworks */,
				DFC53D4D2B8E526E00AE945F /* Resources */,
			);
			buildRules = (
			);
			dependencies = (
			);
			name = Counter;
			productName = Counter;
			productReference = DFC53D4F2B8E526E00AE945F /* Counter.app */;
			productType = "com.apple.product-type.application";
		};
		DFC53D642B8E526F00AE945F /* CounterTests */ = {
			isa = PBXNativeTarget;
			buildConfigurationList = DFC53D7C2B8E526F00AE945F /* Build configuration list for PBXNativeTarget "CounterTests" */;
			buildPhases = (
				DFC53D612B8E526F00AE945F /* Sources */,
				DFC53D622B8E526F00AE945F /* Frameworks */,
				DFC53D632B8E526F00AE945F /* Resources */,
			);
			buildRules = (
			);
			dependencies = (
				DFC53D672B8E526F00AE945F /* PBXTargetDependency */,
			);
			name = CounterTests;
			productName = CounterTests;
			productReference = DFC53D652B8E526F00AE945F /* CounterTests.xctest */;
			productType = "com.apple.product-type.bundle.unit-test";
		};
		DFC53D6E2B8E526F00AE945F /* CounterUITests */ = {
			isa = PBXNativeTarget;
			buildConfigurationList = DFC53D7F2B8E526F00AE945F /* Build configuration list for PBXNativeTarget "CounterUITests" */;
			buildPhases = (
				DFC53D6B2B8E526F00AE945F /* Sources */,
				DFC53D6C2B8E526F00AE945F /* Frameworks */,
				DFC53D6D2B8E526F00AE945F /* Resources */,
			);
			buildRules = (
			);
			dependencies = (
				DFC53D712B8E526F00AE945F /* PBXTargetDependency */,
			);
			name = CounterUITests;
			productName = CounterUITests;
			productReference = DFC53D6F2B8E526F00AE945F /* CounterUITests.xctest */;
			productType = "com.apple.product-type.bundle.ui-testing";
		};
/* End PBXNativeTarget section */

/* Begin PBXProject section */
		DFC53D472B8E526E00AE945F /* Project object */ = {
			isa = PBXProject;
			attributes = {
				BuildIndependentTargetsInParallel = 1;
				LastSwiftUpdateCheck = 1520;
				LastUpgradeCheck = 1520;
				TargetAttributes = {
					DFC53D4E2B8E526E00AE945F = {
						CreatedOnToolsVersion = 15.2;
					};
					DFC53D642B8E526F00AE945F = {
						CreatedOnToolsVersion = 15.2;
						TestTargetID = DFC53D4E2B8E526E00AE945F;
					};
					DFC53D6E2B8E526F00AE945F = {
						CreatedOnToolsVersion = 15.2;
						TestTargetID = DFC53D4E2B8E526E00AE945F;
					};
				};
			};
			buildConfigurationList = DFC53D4A2B8E526E00AE945F /* Build configuration list for PBXProject "Counter" */;
			compatibilityVersion = "Xcode 14.0";
			developmentRegion = en;
			hasScannedForEncodings = 0;
			knownRegions = (
				en,
				Base,
			);
			mainGroup = DFC53D462B8E526E00AE945F;
			productRefGroup = DFC53D502B8E526E00AE945F /* Products */;
			projectDirPath = "";
			projectRoot = "";
			targets = (
				DFC53D4E2B8E526E00AE945F /* Counter */,
				DFC53D642B8E526F00AE945F /* CounterTests */,
				DFC53D6E2B8E526F00AE945F /* CounterUITests */,
			);
		};
/* End PBXProject section */

/* Begin PBXResourcesBuildPhase section */
		DFC53D4D2B8E526E00AE945F /* Resources */ = {
			isa = PBXResourcesBuildPhase;
			buildActionMask = 2147483647;
			files = (
				DFC53D5F2B8E526F00AE945F /* LaunchScreen.storyboard in Resources */,
				DFC53D5C2B8E526F00AE945F /* Assets.xcassets in Resources */,
				DFC53D5A2B8E526E00AE945F /* Main.storyboard in Resources */,
			);
			runOnlyForDeploymentPostprocessing = 0;
		};
		DFC53D632B8E526F00AE945F /* Resources */ = {
			isa = PBXResourcesBuildPhase;
			buildActionMask = 2147483647;
			files = (
			);
			runOnlyForDeploymentPostprocessing = 0;
		};
		DFC53D6D2B8E526F00AE945F /* Resources */ = {
			isa = PBXResourcesBuildPhase;
			buildActionMask = 2147483647;
			files = (
			);
			runOnlyForDeploymentPostprocessing = 0;
		};
/* End PBXResourcesBuildPhase section */

/* Begin PBXSourcesBuildPhase section */
		DFC53D4B2B8E526E00AE945F /* Sources */ = {
			isa = PBXSourcesBuildPhase;
			buildActionMask = 2147483647;
			files = (
				DFC53D572B8E526E00AE945F /* ViewController.swift in Sources */,
				DFC53D532B8E526E00AE945F /* AppDelegate.swift in Sources */,
				DFC53D552B8E526E00AE945F /* SceneDelegate.swift in Sources */,
			);
			runOnlyForDeploymentPostprocessing = 0;
		};
		DFC53D612B8E526F00AE945F /* Sources */ = {
			isa = PBXSourcesBuildPhase;
			buildActionMask = 2147483647;
			files = (
				DFC53D6A2B8E526F00AE945F /* CounterTests.swift in Sources */,
			);
			runOnlyForDeploymentPostprocessing = 0;
		};
		DFC53D6B2B8E526F00AE945F /* Sources */ = {
			isa = PBXSourcesBuildPhase;
			buildActionMask = 2147483647;
			files = (
				DFC53D742B8E526F00AE945F /* CounterUITests.swift in Sources */,
				DFC53D762B8E526F00AE945F /* CounterUITestsLaunchTests.swift in Sources */,
			);
			runOnlyForDeploymentPostprocessing = 0;
		};
/* End PBXSourcesBuildPhase section */

/* Begin PBXTargetDependency section */
		DFC53D672B8E526F00AE945F /* PBXTargetDependency */ = {
			isa = PBXTargetDependency;
			target = DFC53D4E2B8E526E00AE945F /* Counter */;
			targetProxy = DFC53D662B8E526F00AE945F /* PBXContainerItemProxy */;
		};
		DFC53D712B8E526F00AE945F /* PBXTargetDependency */ = {
			isa = PBXTargetDependency;
			target = DFC53D4E2B8E526E00AE945F /* Counter */;
			targetProxy = DFC53D702B8E526F00AE945F /* PBXContainerItemProxy */;
		};
/* End PBXTargetDependency section */

/* Begin PBXVariantGroup section */
		DFC53D582B8E526E00AE945F /* Main.storyboard */ = {
			isa = PBXVariantGroup;
			children = (
				DFC53D592B8E526E00AE945F /* Base */,
			);
			name = Main.storyboard;
			sourceTree = "<group>";
		};
		DFC53D5D2B8E526F00AE945F /* LaunchScreen.storyboard */ = {
			isa = PBXVariantGroup;
			children = (
				DFC53D5E2B8E526F00AE945F /* Base */,
			);
			name = LaunchScreen.storyboard;
			sourceTree = "<group>";
		};
/* End PBXVariantGroup section */

/* Begin XCBuildConfiguration section */
		DFC53D772B8E526F00AE945F /* Debug */ = {
			isa = XCBuildConfiguration;
			buildSettings = {
				ALWAYS_SEARCH_USER_PATHS = NO;
				ASSETCATALOG_COMPILER_GENERATE_SWIFT_ASSET_SYMBOL_EXTENSIONS = YES;
				CLANG_ANALYZER_NONNULL = YES;
				CLANG_ANALYZER_NUMBER_OBJECT_CONVERSION = YES_AGGRESSIVE;
				CLANG_CXX_LANGUAGE_STANDARD = "gnu++20";
				CLANG_ENABLE_MODULES = YES;
				CLANG_ENABLE_OBJC_ARC = YES;
				CLANG_ENABLE_OBJC_WEAK = YES;
				CLANG_WARN_BLOCK_CAPTURE_AUTORELEASING = YES;
				CLANG_WARN_BOOL_CONVERSION = YES;
				CLANG_WARN_COMMA = YES;
				CLANG_WARN_CONSTANT_CONVERSION = YES;
				CLANG_WARN_DEPRECATED_OBJC_IMPLEMENTATIONS = YES;
				CLANG_WARN_DIRECT_OBJC_ISA_USAGE = YES_ERROR;
				CLANG_WARN_DOCUMENTATION_COMMENTS = YES;
				CLANG_WARN_EMPTY_BODY = YES;
				CLANG_WARN_ENUM_CONVERSION = YES;
				CLANG_WARN_INFINITE_RECURSION = YES;
				CLANG_WARN_INT_CONVERSION = YES;
				CLANG_WARN_NON_LITERAL_NULL_CONVERSION = YES;
				CLANG_WARN_OBJC_IMPLICIT_RETAIN_SELF = YES;
				CLANG_WARN_OBJC_LITERAL_CONVERSION = YES;
				CLANG_WARN_OBJC_ROOT_CLASS = YES_ERROR;
				CLANG_WARN_QUOTED_INCLUDE_IN_FRAMEWORK_HEADER = YES;
				CLANG_WARN_RANGE_LOOP_ANALYSIS = YES;
				CLANG_WARN_STRICT_PROTOTYPES = YES;
				CLANG_WARN_SUSPICIOUS_MOVE = YES;
				CLANG_WARN_UNGUARDED_AVAILABILITY = YES_AGGRESSIVE;
				CLANG_WARN_UNREACHABLE_CODE = YES;
				CLANG_WARN__DUPLICATE_METHOD_MATCH = YES;
				COPY_PHASE_STRIP = NO;
				DEBUG_INFORMATION_FORMAT = dwarf;
				ENABLE_STRICT_OBJC_MSGSEND = YES;
				ENABLE_TESTABILITY = YES;
				ENABLE_USER_SCRIPT_SANDBOXING = YES;
				GCC_C_LANGUAGE_STANDARD = gnu17;
				GCC_DYNAMIC_NO_PIC = NO;
				GCC_NO_COMMON_BLOCKS = YES;
				GCC_OPTIMIZATION_LEVEL = 0;
				GCC_PREPROCESSOR_DEFINITIONS = (
					"DEBUG=1",
					"$(inherited)",
				);
				GCC_WARN_64_TO_32_BIT_CONVERSION = YES;
				GCC_WARN_ABOUT_RETURN_TYPE = YES_ERROR;
				GCC_WARN_UNDECLARED_SELECTOR = YES;
				GCC_WARN_UNINITIALIZED_AUTOS = YES_AGGRESSIVE;
				GCC_WARN_UNUSED_FUNCTION = YES;
				GCC_WARN_UNUSED_VARIABLE = YES;
				IPHONEOS_DEPLOYMENT_TARGET = 17.2;
				LOCALIZATION_PREFERS_STRING_CATALOGS = YES;
				MTL_ENABLE_DEBUG_INFO = INCLUDE_SOURCE;
				MTL_FAST_MATH = YES;
				ONLY_ACTIVE_ARCH = YES;
				SDKROOT = iphoneos;
				SWIFT_ACTIVE_COMPILATION_CONDITIONS = "DEBUG $(inherited)";
				SWIFT_OPTIMIZATION_LEVEL = "-Onone";
			};
			name = Debug;
		};
		DFC53D782B8E526F00AE945F /* Release */ = {
			isa = XCBuildConfiguration;
			buildSettings = {
				ALWAYS_SEARCH_USER_PATHS = NO;
				ASSETCATALOG_COMPILER_GENERATE_SWIFT_ASSET_SYMBOL_EXTENSIONS = YES;
				CLANG_ANALYZER_NONNULL = YES;
				CLANG_ANALYZER_NUMBER_OBJECT_CONVERSION = YES_AGGRESSIVE;
				CLANG_CXX_LANGUAGE_STANDARD = "gnu++20";
				CLANG_ENABLE_MODULES = YES;
				CLANG_ENABLE_OBJC_ARC = YES;
				CLANG_ENABLE_OBJC_WEAK = YES;
				CLANG_WARN_BLOCK_CAPTURE_AUTORELEASING = YES;
				CLANG_WARN_BOOL_CONVERSION = YES;
				CLANG_WARN_COMMA = YES;
				CLANG_WARN_CONSTANT_CONVERSION = YES;
				CLANG_WARN_DEPRECATED_OBJC_IMPLEMENTATIONS = YES;
				CLANG_WARN_DIRECT_OBJC_ISA_USAGE = YES_ERROR;
				CLANG_WARN_DOCUMENTATION_COMMENTS = YES;
				CLANG_WARN_EMPTY_BODY = YES;
				CLANG_WARN_ENUM_CONVERSION = YES;
				CLANG_WARN_INFINITE_RECURSION = YES;
				CLANG_WARN_INT_CONVERSION = YES;
				CLANG_WARN_NON_LITERAL_NULL_CONVERSION = YES;
				CLANG_WARN_OBJC_IMPLICIT_RETAIN_SELF = YES;
				CLANG_WARN_OBJC_LITERAL_CONVERSION = YES;
				CLANG_WARN_OBJC_ROOT_CLASS = YES_ERROR;
				CLANG_WARN_QUOTED_INCLUDE_IN_FRAMEWORK_HEADER = YES;
				CLANG_WARN_RANGE_LOOP_ANALYSIS = YES;
				CLANG_WARN_STRICT_PROTOTYPES = YES;
				CLANG_WARN_SUSPICIOUS_MOVE = YES;
				CLANG_WARN_UNGUARDED_AVAILABILITY = YES_AGGRESSIVE;
				CLANG_WARN_UNREACHABLE_CODE = YES;
				CLANG_WARN__DUPLICATE_METHOD_MATCH = YES;
				COPY_PHASE_STRIP = NO;
				DEBUG_INFORMATION_FORMAT = "dwarf-with-dsym";
				ENABLE_NS_ASSERTIONS = NO;
				ENABLE_STRICT_OBJC_MSGSEND = YES;
				ENABLE_USER_SCRIPT_SANDBOXING = YES;
				GCC_C_LANGUAGE_STANDARD = gnu17;
				GCC_NO_COMMON_BLOCKS = YES;
				GCC_WARN_64_TO_32_BIT_CONVERSION = YES;
				GCC_WARN_ABOUT_RETURN_TYPE = YES_ERROR;
				GCC_WARN_UNDECLARED_SELECTOR = YES;
				GCC_WARN_UNINITIALIZED_AUTOS = YES_AGGRESSIVE;
				GCC_WARN_UNUSED_FUNCTION = YES;
				GCC_WARN_UNUSED_VARIABLE = YES;
				IPHONEOS_DEPLOYMENT_TARGET = 17.2;
				LOCALIZATION_PREFERS_STRING_CATALOGS = YES;
				MTL_ENABLE_DEBUG_INFO = NO;
				MTL_FAST_MATH = YES;
				SDKROOT = iphoneos;
				SWIFT_COMPILATION_MODE = wholemodule;
				VALIDATE_PRODUCT = YES;
			};
			name = Release;
		};
		DFC53D7A2B8E526F00AE945F /* Debug */ = {
			isa = XCBuildConfiguration;
			buildSettings = {
				ASSETCATALOG_COMPILER_APPICON_NAME = AppIcon;
				ASSETCATALOG_COMPILER_GLOBAL_ACCENT_COLOR_NAME = AccentColor;
				CODE_SIGN_STYLE = Automatic;
				CURRENT_PROJECT_VERSION = 1;
				GENERATE_INFOPLIST_FILE = YES;
				INFOPLIST_FILE = Counter/Info.plist;
				INFOPLIST_KEY_UIApplicationSupportsIndirectInputEvents = YES;
				INFOPLIST_KEY_UILaunchStoryboardName = LaunchScreen;
				INFOPLIST_KEY_UIMainStoryboardFile = Main;
				INFOPLIST_KEY_UISupportedInterfaceOrientations_iPad = "UIInterfaceOrientationPortrait UIInterfaceOrientationPortraitUpsideDown UIInterfaceOrientationLandscapeLeft UIInterfaceOrientationLandscapeRight";
				INFOPLIST_KEY_UISupportedInterfaceOrientations_iPhone = "UIInterfaceOrientationPortrait UIInterfaceOrientationLandscapeLeft UIInterfaceOrientationLandscapeRight";
				LD_RUNPATH_SEARCH_PATHS = (
					"$(inherited)",
					"@executable_path/Frameworks",
				);
				MARKETING_VERSION = 1.0;
				PRODUCT_BUNDLE_IDENTIFIER = vn.Counter;
				PRODUCT_NAME = "$(TARGET_NAME)";
				SWIFT_EMIT_LOC_STRINGS = YES;
				SWIFT_VERSION = 5.0;
				TARGETED_DEVICE_FAMILY = "1,2";
			};
			name = Debug;
		};
		DFC53D7B2B8E526F00AE945F /* Release */ = {
			isa = XCBuildConfiguration;
			buildSettings = {
				ASSETCATALOG_COMPILER_APPICON_NAME = AppIcon;
				ASSETCATALOG_COMPILER_GLOBAL_ACCENT_COLOR_NAME = AccentColor;
				CODE_SIGN_STYLE = Automatic;
				CURRENT_PROJECT_VERSION = 1;
				GENERATE_INFOPLIST_FILE = YES;
				INFOPLIST_FILE = Counter/Info.plist;
				INFOPLIST_KEY_UIApplicationSupportsIndirectInputEvents = YES;
				INFOPLIST_KEY_UILaunchStoryboardName = LaunchScreen;
				INFOPLIST_KEY_UIMainStoryboardFile = Main;
				INFOPLIST_KEY_UISupportedInterfaceOrientations_iPad = "UIInterfaceOrientationPortrait UIInterfaceOrientationPortraitUpsideDown UIInterfaceOrientationLandscapeLeft UIInterfaceOrientationLandscapeRight";
				INFOPLIST_KEY_UISupportedInterfaceOrientations_iPhone = "UIInterfaceOrientationPortrait UIInterfaceOrientationLandscapeLeft UIInterfaceOrientationLandscapeRight";
				LD_RUNPATH_SEARCH_PATHS = (
					"$(inherited)",
					"@executable_path/Frameworks",
				);
				MARKETING_VERSION = 1.0;
				PRODUCT_BUNDLE_IDENTIFIER = vn.Counter;
				PRODUCT_NAME = "$(TARGET_NAME)";
				SWIFT_EMIT_LOC_STRINGS = YES;
				SWIFT_VERSION = 5.0;
				TARGETED_DEVICE_FAMILY = "1,2";
			};
			name = Release;
		};
		DFC53D7D2B8E526F00AE945F /* Debug */ = {
			isa = XCBuildConfiguration;
			buildSettings = {
				ALWAYS_EMBED_SWIFT_STANDARD_LIBRARIES = YES;
				BUNDLE_LOADER = "$(TEST_HOST)";
				CODE_SIGN_STYLE = Automatic;
				CURRENT_PROJECT_VERSION = 1;
				GENERATE_INFOPLIST_FILE = YES;
				IPHONEOS_DEPLOYMENT_TARGET = 17.2;
				MARKETING_VERSION = 1.0;
				PRODUCT_BUNDLE_IDENTIFIER = vn.CounterTests;
				PRODUCT_NAME = "$(TARGET_NAME)";
				SWIFT_EMIT_LOC_STRINGS = NO;
				SWIFT_VERSION = 5.0;
				TARGETED_DEVICE_FAMILY = "1,2";
				TEST_HOST = "$(BUILT_PRODUCTS_DIR)/Counter.app/$(BUNDLE_EXECUTABLE_FOLDER_PATH)/Counter";
			};
			name = Debug;
		};
		DFC53D7E2B8E526F00AE945F /* Release */ = {
			isa = XCBuildConfiguration;
			buildSettings = {
				ALWAYS_EMBED_SWIFT_STANDARD_LIBRARIES = YES;
				BUNDLE_LOADER = "$(TEST_HOST)";
				CODE_SIGN_STYLE = Automatic;
				CURRENT_PROJECT_VERSION = 1;
				GENERATE_INFOPLIST_FILE = YES;
				IPHONEOS_DEPLOYMENT_TARGET = 17.2;
				MARKETING_VERSION = 1.0;
				PRODUCT_BUNDLE_IDENTIFIER = vn.CounterTests;
				PRODUCT_NAME = "$(TARGET_NAME)";
				SWIFT_EMIT_LOC_STRINGS = NO;
				SWIFT_VERSION = 5.0;
				TARGETED_DEVICE_FAMILY = "1,2";
				TEST_HOST = "$(BUILT_PRODUCTS_DIR)/Counter.app/$(BUNDLE_EXECUTABLE_FOLDER_PATH)/Counter";
			};
			name = Release;
		};
		DFC53D802B8E526F00AE945F /* Debug */ = {
			isa = XCBuildConfiguration;
			buildSettings = {
				ALWAYS_EMBED_SWIFT_STANDARD_LIBRARIES = YES;
				CODE_SIGN_STYLE = Automatic;
				CURRENT_PROJECT_VERSION = 1;
				GENERATE_INFOPLIST_FILE = YES;
				MARKETING_VERSION = 1.0;
				PRODUCT_BUNDLE_IDENTIFIER = vn.CounterUITests;
				PRODUCT_NAME = "$(TARGET_NAME)";
				SWIFT_EMIT_LOC_STRINGS = NO;
				SWIFT_VERSION = 5.0;
				TARGETED_DEVICE_FAMILY = "1,2";
				TEST_TARGET_NAME = Counter;
			};
			name = Debug;
		};
		DFC53D812B8E526F00AE945F /* Release */ = {
			isa = XCBuildConfiguration;
			buildSettings = {
				ALWAYS_EMBED_SWIFT_STANDARD_LIBRARIES = YES;
				CODE_SIGN_STYLE = Automatic;
				CURRENT_PROJECT_VERSION = 1;
				GENERATE_INFOPLIST_FILE = YES;
				MARKETING_VERSION = 1.0;
				PRODUCT_BUNDLE_IDENTIFIER = vn.CounterUITests;
				PRODUCT_NAME = "$(TARGET_NAME)";
				SWIFT_EMIT_LOC_STRINGS = NO;
				SWIFT_VERSION = 5.0;
				TARGETED_DEVICE_FAMILY = "1,2";
				TEST_TARGET_NAME = Counter;
			};
			name = Release;
		};
/* End XCBuildConfiguration section */

/* Begin XCConfigurationList section */
		DFC53D4A2B8E526E00AE945F /* Build configuration list for PBXProject "Counter" */ = {
			isa = XCConfigurationList;
			buildConfigurations = (
				DFC53D772B8E526F00AE945F /* Debug */,
				DFC53D782B8E526F00AE945F /* Release */,
			);
			defaultConfigurationIsVisible = 0;
			defaultConfigurationName = Release;
		};
		DFC53D792B8E526F00AE945F /* Build configuration list for PBXNativeTarget "Counter" */ = {
			isa = XCConfigurationList;
			buildConfigurations = (
				DFC53D7A2B8E526F00AE945F /* Debug */,
				DFC53D7B2B8E526F00AE945F /* Release */,
			);
			defaultConfigurationIsVisible = 0;
			defaultConfigurationName = Release;
		};
		DFC53D7C2B8E526F00AE945F /* Build configuration list for PBXNativeTarget "CounterTests" */ = {
			isa = XCConfigurationList;
			buildConfigurations = (
				DFC53D7D2B8E526F00AE945F /* Debug */,
				DFC53D7E2B8E526F00AE945F /* Release */,
			);
			defaultConfigurationIsVisible = 0;
			defaultConfigurationName = Release;
		};
		DFC53D7F2B8E526F00AE945F /* Build configuration list for PBXNativeTarget "CounterUITests" */ = {
			isa = XCConfigurationList;
			buildConfigurations = (
				DFC53D802B8E526F00AE945F /* Debug */,
				DFC53D812B8E526F00AE945F /* Release */,
			);
			defaultConfigurationIsVisible = 0;
			defaultConfigurationName = Release;
		};
/* End XCConfigurationList section */
	};
	rootObject = DFC53D472B8E526E00AE945F /* Project object */;
}
